
Microsoft Visual Studio Solution File, Format Version 11.00
# Visual Studio 2010
Project("{FAE04EC0-301F-11D3-BF4B-00C04F79EFBC}") = "Memotec", "Assembly-CSharp.csproj", "{CE00B48F-910C-180F-F723-DA4B775AD7B3}"
EndProject
Global
	GlobalSection(SolutionConfigurationPlatforms) = preSolution
		Debug|Any CPU = Debug|Any CPU
		Release|Any CPU = Release|Any CPU
	EndGlobalSection
	GlobalSection(ProjectConfigurationPlatforms) = postSolution
		{CE00B48F-910C-180F-F723-DA4B775AD7B3}.Debug|Any CPU.ActiveCfg = Debug|Any CPU
		{CE00B48F-910C-180F-F723-DA4B775AD7B3}.Debug|Any CPU.Build.0 = Debug|Any CPU
		{CE00B48F-910C-180F-F723-DA4B775AD7B3}.Release|Any CPU.ActiveCfg = Release|Any CPU
		{CE00B48F-910C-180F-F723-DA4B775AD7B3}.Release|Any CPU.Build.0 = Release|Any CPU
	EndGlobalSection
	GlobalSection(SolutionProperties) = preSolution
		HideSolutionNode = FALSE
	EndGlobalSection
	GlobalSection(MonoDevelopProperties) = preSolution
		StartupItem = Assembly-CSharp.csproj
	EndGlobalSection
EndGlobal
